
Microsoft Visual Studio Solution File, Format Version 12.00
# Visual Studio Version 16
VisualStudioVersion = 16.0.31112.23
MinimumVisualStudioVersion = 10.0.40219.1
Project("{FAE04EC0-301F-11D3-BF4B-00C04F79EFBC}") = "RezervirajMe.WebBlazor", "RezervirajMe.WebBlazor\RezervirajMe.WebBlazor.csproj", "{95A07EEB-3180-4D87-9E06-1CD3C3FA335D}"
EndProject
Global
	GlobalSection(SolutionConfigurationPlatforms) = preSolution
		Debug|Any CPU = Debug|Any CPU
		Release|Any CPU = Release|Any CPU
	EndGlobalSection
	GlobalSection(ProjectConfigurationPlatforms) = postSolution
		{95A07EEB-3180-4D87-9E06-1CD3C3FA335D}.Debug|Any CPU.ActiveCfg = Debug|Any CPU
		{95A07EEB-3180-4D87-9E06-1CD3C3FA335D}.Debug|Any CPU.Build.0 = Debug|Any CPU
		{95A07EEB-3180-4D87-9E06-1CD3C3FA335D}.Release|Any CPU.ActiveCfg = Release|Any CPU
		{95A07EEB-3180-4D87-9E06-1CD3C3FA335D}.Release|Any CPU.Build.0 = Release|Any CPU
	EndGlobalSection
	GlobalSection(SolutionProperties) = preSolution
		HideSolutionNode = FALSE
	EndGlobalSection
	GlobalSection(ExtensibilityGlobals) = postSolution
		SolutionGuid = {5C556744-DEAB-477A-9DB2-778F790ACF8F}
	EndGlobalSection
EndGlobal
